
Microsoft Visual Studio Solution File, Format Version 12.00
# Visual Studio Version 16
VisualStudioVersion = 16.0.28803.452
MinimumVisualStudioVersion = 10.0.40219.1
Project("{FAE04EC0-301F-11D3-BF4B-00C04F79EFBC}") = "GitTest", "GitTest\GitTest.csproj", "{2A21D91F-BF34-4970-869E-00339DE5B63D}"
EndProject
Global
	GlobalSection(SolutionConfigurationPlatforms) = preSolution
		Debug|Any CPU = Debug|Any CPU
		Release|Any CPU = Release|Any CPU
	EndGlobalSection
	GlobalSection(ProjectConfigurationPlatforms) = postSolution
		{2A21D91F-BF34-4970-869E-00339DE5B63D}.Debug|Any CPU.ActiveCfg = Debug|Any CPU
		{2A21D91F-BF34-4970-869E-00339DE5B63D}.Debug|Any CPU.Build.0 = Debug|Any CPU
		{2A21D91F-BF34-4970-869E-00339DE5B63D}.Release|Any CPU.ActiveCfg = Release|Any CPU
		{2A21D91F-BF34-4970-869E-00339DE5B63D}.Release|Any CPU.Build.0 = Release|Any CPU
	EndGlobalSection
	GlobalSection(SolutionProperties) = preSolution
		HideSolutionNode = FALSE
	EndGlobalSection
	GlobalSection(ExtensibilityGlobals) = postSolution
		SolutionGuid = {90E83B02-990B-4C4C-B049-2E918E81441A}
	EndGlobalSection
EndGlobal
